// This lockfile was autogenerated by Pants. To regenerate, run:
//
//    pants generate-lockfiles --resolve=python-default
//
// --- BEGIN PANTS LOCKFILE METADATA: DO NOT EDIT OR REMOVE ---
// {
//   "version": 3,
//   "valid_for_interpreter_constraints": [
//     "CPython==3.11.*"
//   ],
//   "generated_with_requirements": [
//     "setuptools"
//   ],
//   "manylinux": "manylinux2014",
//   "requirement_constraints": [],
//   "only_binary": [],
//   "no_binary": []
// }
// --- END PANTS LOCKFILE METADATA ---

{
  "allow_builds": true,
  "allow_prereleases": false,
  "allow_wheels": true,
  "build_isolation": true,
  "constraints": [],
  "locked_resolves": [
    {
      "locked_requirements": [
        {
          "artifacts": [
            {
              "algorithm": "sha256",
              "hash": "d9b8b771455a97c8a9f3ab3448ebe0b29b5e105f1228bba41028be116985a267",
              "url": "https://files.pythonhosted.org/packages/55/b3/b3a3415d2debd837106ed417f8681d8af63037fed367fa1b85dbfef081f1/setuptools-70.1.0-py3-none-any.whl"
            },
            {
              "algorithm": "sha256",
              "hash": "01a1e793faa5bd89abc851fa15d0a0db26f160890c7102cd8dce643e886b47f5",
              "url": "https://files.pythonhosted.org/packages/1c/1c/8a56622f2fc9ebb0df743373ef1a96c8e20410350d12f44ef03c588318c3/setuptools-70.1.0.tar.gz"
            }
          ],
          "project_name": "setuptools",
          "requires_dists": [
            "build[virtualenv]>=1.0.3; extra == \"testing\"",
            "filelock>=3.4.0; extra == \"testing\"",
            "furo; extra == \"docs\"",
            "importlib-metadata; extra == \"testing\"",
            "ini2toml[lite]>=0.14; extra == \"testing\"",
            "jaraco.develop>=7.21; (python_version >= \"3.9\" and sys_platform != \"cygwin\") and extra == \"testing\"",
            "jaraco.envs>=2.2; extra == \"testing\"",
            "jaraco.packaging>=9.3; extra == \"docs\"",
            "jaraco.path>=3.2.0; extra == \"testing\"",
            "jaraco.test; extra == \"testing\"",
            "jaraco.tidelift>=1.4; extra == \"docs\"",
            "mypy==1.10.0; extra == \"testing\"",
            "packaging>=23.2; extra == \"testing\"",
            "pip>=19.1; extra == \"testing\"",
            "pygments-github-lexers==0.0.5; extra == \"docs\"",
            "pyproject-hooks!=1.1; extra == \"docs\"",
            "pyproject-hooks!=1.1; extra == \"testing\"",
            "pytest!=8.1.1,>=6; extra == \"testing\"",
            "pytest-checkdocs>=2.4; extra == \"testing\"",
            "pytest-cov; platform_python_implementation != \"PyPy\" and extra == \"testing\"",
            "pytest-enabler>=2.2; extra == \"testing\"",
            "pytest-home>=0.5; extra == \"testing\"",
            "pytest-mypy; extra == \"testing\"",
            "pytest-perf; sys_platform != \"cygwin\" and extra == \"testing\"",
            "pytest-ruff>=0.3.2; sys_platform != \"cygwin\" and extra == \"testing\"",
            "pytest-subprocess; extra == \"testing\"",
            "pytest-timeout; extra == \"testing\"",
            "pytest-xdist>=3; extra == \"testing\"",
            "rst.linker>=1.9; extra == \"docs\"",
            "sphinx-favicon; extra == \"docs\"",
            "sphinx-inline-tabs; extra == \"docs\"",
            "sphinx-lint; extra == \"docs\"",
            "sphinx-notfound-page<2,>=1; extra == \"docs\"",
            "sphinx-reredirects; extra == \"docs\"",
            "sphinx>=3.5; extra == \"docs\"",
            "sphinxcontrib-towncrier; extra == \"docs\"",
            "tomli-w>=1.0.0; extra == \"testing\"",
            "tomli; extra == \"testing\"",
            "virtualenv>=13.0.0; extra == \"testing\"",
            "wheel; extra == \"testing\""
          ],
          "requires_python": ">=3.8",
          "version": "70.1.0"
        }
      ],
      "platform_tag": null
    }
  ],
  "only_builds": [],
  "only_wheels": [],
  "path_mappings": {},
  "pex_version": "2.3.1",
  "pip_version": "24.0",
  "prefer_older_binary": false,
  "requirements": [
    "setuptools"
  ],
  "requires_python": [
    "==3.11.*"
  ],
  "resolver_version": "pip-2020-resolver",
  "style": "universal",
  "target_systems": [
    "linux",
    "mac"
  ],
  "transitive": true,
  "use_pep517": null
}
